
Microsoft Visual Studio Solution File, Format Version 12.00
# Visual Studio Version 17
VisualStudioVersion = 17.3.32804.467
MinimumVisualStudioVersion = 10.0.40219.1
Project("{FAE04EC0-301F-11D3-BF4B-00C04F79EFBC}") = "capchaANDAVt", "capchaANDAVt.csproj", "{FADB07ED-B49F-4F77-BC4C-96F5DEE423A4}"
EndProject
Global
	GlobalSection(SolutionConfigurationPlatforms) = preSolution
		Debug|Any CPU = Debug|Any CPU
		Release|Any CPU = Release|Any CPU
	EndGlobalSection
	GlobalSection(ProjectConfigurationPlatforms) = postSolution
		{FADB07ED-B49F-4F77-BC4C-96F5DEE423A4}.Debug|Any CPU.ActiveCfg = Debug|Any CPU
		{FADB07ED-B49F-4F77-BC4C-96F5DEE423A4}.Debug|Any CPU.Build.0 = Debug|Any CPU
		{FADB07ED-B49F-4F77-BC4C-96F5DEE423A4}.Release|Any CPU.ActiveCfg = Release|Any CPU
		{FADB07ED-B49F-4F77-BC4C-96F5DEE423A4}.Release|Any CPU.Build.0 = Release|Any CPU
	EndGlobalSection
	GlobalSection(SolutionProperties) = preSolution
		HideSolutionNode = FALSE
	EndGlobalSection
	GlobalSection(ExtensibilityGlobals) = postSolution
		SolutionGuid = {25BE18AB-AE69-468E-8EBF-03183D4E41EB}
	EndGlobalSection
EndGlobal
